
Microsoft Visual Studio Solution File, Format Version 12.00
# Visual Studio Version 16
VisualStudioVersion = 16.0.29728.190
MinimumVisualStudioVersion = 10.0.40219.1
Project("{FAE04EC0-301F-11D3-BF4B-00C04F79EFBC}") = "KarthagoCharacterGeneratorTool", "KarthagoCharacterGeneratorTool\KarthagoCharacterGeneratorTool.csproj", "{E284B3A0-0C2B-48D8-9AA7-00F838CFEC77}"
EndProject
Project("{FAE04EC0-301F-11D3-BF4B-00C04F79EFBC}") = "ActionCards", "ActionCards\ActionCards.csproj", "{E91FABA5-4762-49A4-BC41-3371CEE2255C}"
EndProject
Global
	GlobalSection(SolutionConfigurationPlatforms) = preSolution
		Debug|Any CPU = Debug|Any CPU
		Release|Any CPU = Release|Any CPU
	EndGlobalSection
	GlobalSection(ProjectConfigurationPlatforms) = postSolution
		{E284B3A0-0C2B-48D8-9AA7-00F838CFEC77}.Debug|Any CPU.ActiveCfg = Debug|Any CPU
		{E284B3A0-0C2B-48D8-9AA7-00F838CFEC77}.Debug|Any CPU.Build.0 = Debug|Any CPU
		{E284B3A0-0C2B-48D8-9AA7-00F838CFEC77}.Release|Any CPU.ActiveCfg = Release|Any CPU
		{E284B3A0-0C2B-48D8-9AA7-00F838CFEC77}.Release|Any CPU.Build.0 = Release|Any CPU
		{E91FABA5-4762-49A4-BC41-3371CEE2255C}.Debug|Any CPU.ActiveCfg = Debug|Any CPU
		{E91FABA5-4762-49A4-BC41-3371CEE2255C}.Debug|Any CPU.Build.0 = Debug|Any CPU
		{E91FABA5-4762-49A4-BC41-3371CEE2255C}.Release|Any CPU.ActiveCfg = Release|Any CPU
		{E91FABA5-4762-49A4-BC41-3371CEE2255C}.Release|Any CPU.Build.0 = Release|Any CPU
	EndGlobalSection
	GlobalSection(SolutionProperties) = preSolution
		HideSolutionNode = FALSE
	EndGlobalSection
	GlobalSection(ExtensibilityGlobals) = postSolution
		SolutionGuid = {F14885D0-3862-4ACD-9E20-FBEC35F65BFC}
	EndGlobalSection
EndGlobal
